
Microsoft Visual Studio Solution File, Format Version 12.00
# Visual Studio Version 17
VisualStudioVersion = 17.5.33530.505
MinimumVisualStudioVersion = 10.0.40219.1
Project("{9A19103F-16F7-4668-BE54-9A1E7A4F7556}") = "CRUDExample", "CRUDExample\CRUDExample.csproj", "{F1802D66-414E-4E60-99E5-E3501CA41F52}"
EndProject
Project("{9A19103F-16F7-4668-BE54-9A1E7A4F7556}") = "CRUDTests", "CRUDTest\CRUDTests.csproj", "{01B53394-59F3-400F-B42A-F9466C0A9F5D}"
EndProject
Project("{9A19103F-16F7-4668-BE54-9A1E7A4F7556}") = "Entities", "Entities\Entities.csproj", "{F5530B8B-9738-481A-9BE5-0668F0F3934B}"
EndProject
Project("{9A19103F-16F7-4668-BE54-9A1E7A4F7556}") = "ServiceContracts", "ServiceContracts\ServiceContracts.csproj", "{B9322A7F-128C-4C0F-9608-9B533D5C35AA}"
EndProject
Project("{9A19103F-16F7-4668-BE54-9A1E7A4F7556}") = "Services", "Services\Services.csproj", "{F058A5BC-B481-4545-AFE8-B494D3D58CCE}"
EndProject
Project("{FAE04EC0-301F-11D3-BF4B-00C04F79EFBC}") = "RepositoryContracts", "RepsositoryContracts\RepositoryContracts.csproj", "{24DA4484-AD0A-4F33-BBAA-E80679BA74E8}"
EndProject
Global
	GlobalSection(SolutionConfigurationPlatforms) = preSolution
		Debug|Any CPU = Debug|Any CPU
		Release|Any CPU = Release|Any CPU
	EndGlobalSection
	GlobalSection(ProjectConfigurationPlatforms) = postSolution
		{F1802D66-414E-4E60-99E5-E3501CA41F52}.Debug|Any CPU.ActiveCfg = Debug|Any CPU
		{F1802D66-414E-4E60-99E5-E3501CA41F52}.Debug|Any CPU.Build.0 = Debug|Any CPU
		{F1802D66-414E-4E60-99E5-E3501CA41F52}.Release|Any CPU.ActiveCfg = Release|Any CPU
		{F1802D66-414E-4E60-99E5-E3501CA41F52}.Release|Any CPU.Build.0 = Release|Any CPU
		{01B53394-59F3-400F-B42A-F9466C0A9F5D}.Debug|Any CPU.ActiveCfg = Debug|Any CPU
		{01B53394-59F3-400F-B42A-F9466C0A9F5D}.Debug|Any CPU.Build.0 = Debug|Any CPU
		{01B53394-59F3-400F-B42A-F9466C0A9F5D}.Release|Any CPU.ActiveCfg = Release|Any CPU
		{01B53394-59F3-400F-B42A-F9466C0A9F5D}.Release|Any CPU.Build.0 = Release|Any CPU
		{F5530B8B-9738-481A-9BE5-0668F0F3934B}.Debug|Any CPU.ActiveCfg = Debug|Any CPU
		{F5530B8B-9738-481A-9BE5-0668F0F3934B}.Debug|Any CPU.Build.0 = Debug|Any CPU
		{F5530B8B-9738-481A-9BE5-0668F0F3934B}.Release|Any CPU.ActiveCfg = Release|Any CPU
		{F5530B8B-9738-481A-9BE5-0668F0F3934B}.Release|Any CPU.Build.0 = Release|Any CPU
		{B9322A7F-128C-4C0F-9608-9B533D5C35AA}.Debug|Any CPU.ActiveCfg = Debug|Any CPU
		{B9322A7F-128C-4C0F-9608-9B533D5C35AA}.Debug|Any CPU.Build.0 = Debug|Any CPU
		{B9322A7F-128C-4C0F-9608-9B533D5C35AA}.Release|Any CPU.ActiveCfg = Release|Any CPU
		{B9322A7F-128C-4C0F-9608-9B533D5C35AA}.Release|Any CPU.Build.0 = Release|Any CPU
		{F058A5BC-B481-4545-AFE8-B494D3D58CCE}.Debug|Any CPU.ActiveCfg = Debug|Any CPU
		{F058A5BC-B481-4545-AFE8-B494D3D58CCE}.Debug|Any CPU.Build.0 = Debug|Any CPU
		{F058A5BC-B481-4545-AFE8-B494D3D58CCE}.Release|Any CPU.ActiveCfg = Release|Any CPU
		{F058A5BC-B481-4545-AFE8-B494D3D58CCE}.Release|Any CPU.Build.0 = Release|Any CPU
		{24DA4484-AD0A-4F33-BBAA-E80679BA74E8}.Debug|Any CPU.ActiveCfg = Debug|Any CPU
		{24DA4484-AD0A-4F33-BBAA-E80679BA74E8}.Debug|Any CPU.Build.0 = Debug|Any CPU
		{24DA4484-AD0A-4F33-BBAA-E80679BA74E8}.Release|Any CPU.ActiveCfg = Release|Any CPU
		{24DA4484-AD0A-4F33-BBAA-E80679BA74E8}.Release|Any CPU.Build.0 = Release|Any CPU
	EndGlobalSection
	GlobalSection(SolutionProperties) = preSolution
		HideSolutionNode = FALSE
	EndGlobalSection
	GlobalSection(ExtensibilityGlobals) = postSolution
		SolutionGuid = {42E903F5-3089-41C3-899C-4421C74FAE37}
	EndGlobalSection
EndGlobal
